
Microsoft Visual Studio Solution File, Format Version 12.00
# Visual Studio Version 16
VisualStudioVersion = 16.0.35229.62
MinimumVisualStudioVersion = 10.0.40219.1
Project("{C9674DCB-5085-4A16-B785-4C70DD1589BD}") = "hospitaljaaaa", "hospitaljaaaa\hospitaljaaaa.dtproj", "{67392B73-9AE7-4FF4-93C3-A34F1F8AA9B4}"
EndProject
Global
	GlobalSection(SolutionConfigurationPlatforms) = preSolution
		Development|Default = Development|Default
	EndGlobalSection
	GlobalSection(ProjectConfigurationPlatforms) = postSolution
		{67392B73-9AE7-4FF4-93C3-A34F1F8AA9B4}.Development|Default.ActiveCfg = Development
		{67392B73-9AE7-4FF4-93C3-A34F1F8AA9B4}.Development|Default.Build.0 = Development
	EndGlobalSection
	GlobalSection(SolutionProperties) = preSolution
		HideSolutionNode = FALSE
	EndGlobalSection
	GlobalSection(ExtensibilityGlobals) = postSolution
		SolutionGuid = {10384D53-6DBC-4A3A-B91D-2118A0852241}
	EndGlobalSection
EndGlobal
